// !$*UTF8*$!
{
	archiveVersion = 1;
	classes = {
	};
	objectVersion = 50;
	objects = {

/* Begin PBXBuildFile section */
		FE6AFE1920F5A713003ECCFC /* AppDelegate.swift in Sources */ = {isa = PBXBuildFile; fileRef = FE6AFE1820F5A713003ECCFC /* AppDelegate.swift */; };
		FE6AFE1B20F5A713003ECCFC /* ViewController.swift in Sources */ = {isa = PBXBuildFile; fileRef = FE6AFE1A20F5A713003ECCFC /* ViewController.swift */; };
		FE6AFE1E20F5A713003ECCFC /* Main.storyboard in Resources */ = {isa = PBXBuildFile; fileRef = FE6AFE1C20F5A713003ECCFC /* Main.storyboard */; };
		FE6AFE2020F5A715003ECCFC /* Assets.xcassets in Resources */ = {isa = PBXBuildFile; fileRef = FE6AFE1F20F5A715003ECCFC /* Assets.xcassets */; };
		FE6AFE2320F5A715003ECCFC /* LaunchScreen.storyboard in Resources */ = {isa = PBXBuildFile; fileRef = FE6AFE2120F5A715003ECCFC /* LaunchScreen.storyboard */; };
/* End PBXBuildFile section */

/* Begin PBXFileReference section */
		FE6AFE1520F5A713003ECCFC /* FacebookPopupAnimation.app */ = {isa = PBXFileReference; explicitFileType = wrapper.application; includeInIndex = 0; path = FacebookPopupAnimation.app; sourceTree = BUILT_PRODUCTS_DIR; };
		FE6AFE1820F5A713003ECCFC /* AppDelegate.swift */ = {isa = PBXFileReference; lastKnownFileType = sourcecode.swift; path = AppDelegate.swift; sourceTree = "<group>"; };
		FE6AFE1A20F5A713003ECCFC /* ViewController.swift */ = {isa = PBXFileReference; lastKnownFileType = sourcecode.swift; path = ViewController.swift; sourceTree = "<group>"; };
		FE6AFE1D20F5A713003ECCFC /* Base */ = {isa = PBXFileReference; lastKnownFileType = file.storyboard; name = Base; path = Base.lproj/Main.storyboard; sourceTree = "<group>"; };
		FE6AFE1F20F5A715003ECCFC /* Assets.xcassets */ = {isa = PBXFileReference; lastKnownFileType = folder.assetcatalog; path = Assets.xcassets; sourceTree = "<group>"; };
		FE6AFE2220F5A715003ECCFC /* Base */ = {isa = PBXFileReference; lastKnownFileType = file.storyboard; name = Base; path = Base.lproj/LaunchScreen.storyboard; sourceTree = "<group>"; };
		FE6AFE2420F5A715003ECCFC /* Info.plist */ = {isa = PBXFileReference; lastKnownFileType = text.plist.xml; path = Info.plist; sourceTree = "<group>"; };
/* End PBXFileReference section */

/* Begin PBXFrameworksBuildPhase section */
		FE6AFE1220F5A713003ECCFC /* Frameworks */ = {
			isa = PBXFrameworksBuildPhase;
			buildActionMask = 2147483647;
			files = (
			);
			runOnlyForDeploymentPostprocessing = 0;
		};
/* End PBXFrameworksBuildPhase section */

/* Begin PBXGroup section */
		FE6AFE0C20F5A713003ECCFC = {
			isa = PBXGroup;
			children = (
				FE6AFE1720F5A713003ECCFC /* FacebookPopupAnimation */,
				FE6AFE1620F5A713003ECCFC /* Products */,
			);
			sourceTree = "<group>";
		};
		FE6AFE1620F5A713003ECCFC /* Products */ = {
			isa = PBXGroup;
			children = (
				FE6AFE1520F5A713003ECCFC /* FacebookPopupAnimation.app */,
			);
			name = Products;
			sourceTree = "<group>";
		};
		FE6AFE1720F5A713003ECCFC /* FacebookPopupAnimation */ = {
			isa = PBXGroup;
			children = (
				FE6AFE1820F5A713003ECCFC /* AppDelegate.swift */,
				FE6AFE1A20F5A713003ECCFC /* ViewController.swift */,
				FE6AFE1C20F5A713003ECCFC /* Main.storyboard */,
				FE6AFE1F20F5A715003ECCFC /* Assets.xcassets */,
				FE6AFE2120F5A715003ECCFC /* LaunchScreen.storyboard */,
				FE6AFE2420F5A715003ECCFC /* Info.plist */,
			);
			path = FacebookPopupAnimation;
			sourceTree = "<group>";
		};
/* End PBXGroup section */

/* Begin PBXNativeTarget section */
		FE6AFE1420F5A713003ECCFC /* FacebookPopupAnimation */ = {
			isa = PBXNativeTarget;
			buildConfigurationList = FE6AFE2720F5A715003ECCFC /* Build configuration list for PBXNativeTarget "FacebookPopupAnimation" */;
			buildPhases = (
				FE6AFE1120F5A713003ECCFC /* Sources */,
				FE6AFE1220F5A713003ECCFC /* Frameworks */,
				FE6AFE1320F5A713003ECCFC /* Resources */,
			);
			buildRules = (
			);
			dependencies = (
			);
			name = FacebookPopupAnimation;
			productName = FacebookPopupAnimation;
			productReference = FE6AFE1520F5A713003ECCFC /* FacebookPopupAnimation.app */;
			productType = "com.apple.product-type.application";
		};
/* End PBXNativeTarget section */

/* Begin PBXProject section */
		FE6AFE0D20F5A713003ECCFC /* Project object */ = {
			isa = PBXProject;
			attributes = {
				LastSwiftUpdateCheck = 0930;
				LastUpgradeCheck = 0930;
				ORGANIZATIONNAME = Tandem;
				TargetAttributes = {
					FE6AFE1420F5A713003ECCFC = {
						CreatedOnToolsVersion = 9.3;
					};
				};
			};
			buildConfigurationList = FE6AFE1020F5A713003ECCFC /* Build configuration list for PBXProject "FacebookPopupAnimation" */;
			compatibilityVersion = "Xcode 9.3";
			developmentRegion = en;
			hasScannedForEncodings = 0;
			knownRegions = (
				en,
				Base,
			);
			mainGroup = FE6AFE0C20F5A713003ECCFC;
			productRefGroup = FE6AFE1620F5A713003ECCFC /* Products */;
			projectDirPath = "";
			projectRoot = "";
			targets = (
				FE6AFE1420F5A713003ECCFC /* FacebookPopupAnimation */,
			);
		};
/* End PBXProject section */

/* Begin PBXResourcesBuildPhase section */
		FE6AFE1320F5A713003ECCFC /* Resources */ = {
			isa = PBXResourcesBuildPhase;
			buildActionMask = 2147483647;
			files = (
				FE6AFE2320F5A715003ECCFC /* LaunchScreen.storyboard in Resources */,
				FE6AFE2020F5A715003ECCFC /* Assets.xcassets in Resources */,
				FE6AFE1E20F5A713003ECCFC /* Main.storyboard in Resources */,
			);
			runOnlyForDeploymentPostprocessing = 0;
		};
/* End PBXResourcesBuildPhase section */

/* Begin PBXSourcesBuildPhase section */
		FE6AFE1120F5A713003ECCFC /* Sources */ = {
			isa = PBXSourcesBuildPhase;
			buildActionMask = 2147483647;
			files = (
				FE6AFE1B20F5A713003ECCFC /* ViewController.swift in Sources */,
				FE6AFE1920F5A713003ECCFC /* AppDelegate.swift in Sources */,
			);
			runOnlyForDeploymentPostprocessing = 0;
		};
/* End PBXSourcesBuildPhase section */

/* Begin PBXVariantGroup section */
		FE6AFE1C20F5A713003ECCFC /* Main.storyboard */ = {
			isa = PBXVariantGroup;
			children = (
				FE6AFE1D20F5A713003ECCFC /* Base */,
			);
			name = Main.storyboard;
			sourceTree = "<group>";
		};
		FE6AFE2120F5A715003ECCFC /* LaunchScreen.storyboard */ = {
			isa = PBXVariantGroup;
			children = (
				FE6AFE2220F5A715003ECCFC /* Base */,
			);
			name = LaunchScreen.storyboard;
			sourceTree = "<group>";
		};
/* End PBXVariantGroup section */

/* Begin XCBuildConfiguration section */
		FE6AFE2520F5A715003ECCFC /* Debug */ = {
			isa = XCBuildConfiguration;
			buildSettings = {
				ALWAYS_SEARCH_USER_PATHS = NO;
				CLANG_ANALYZER_NONNULL = YES;
				CLANG_ANALYZER_NUMBER_OBJECT_CONVERSION = YES_AGGRESSIVE;
				CLANG_CXX_LANGUAGE_STANDARD = "gnu++14";
				CLANG_CXX_LIBRARY = "libc++";
				CLANG_ENABLE_MODULES = YES;
				CLANG_ENABLE_OBJC_ARC = YES;
				CLANG_ENABLE_OBJC_WEAK = YES;
				CLANG_WARN_BLOCK_CAPTURE_AUTORELEASING = YES;
				CLANG_WARN_BOOL_CONVERSION = YES;
				CLANG_WARN_COMMA = YES;
				CLANG_WARN_CONSTANT_CONVERSION = YES;
				CLANG_WARN_DEPRECATED_OBJC_IMPLEMENTATIONS = YES;
				CLANG_WARN_DIRECT_OBJC_ISA_USAGE = YES_ERROR;
				CLANG_WARN_DOCUMENTATION_COMMENTS = YES;
				CLANG_WARN_EMPTY_BODY = YES;
				CLANG_WARN_ENUM_CONVERSION = YES;
				CLANG_WARN_INFINITE_RECURSION = YES;
				CLANG_WARN_INT_CONVERSION = YES;
				CLANG_WARN_NON_LITERAL_NULL_CONVERSION = YES;
				CLANG_WARN_OBJC_IMPLICIT_RETAIN_SELF = YES;
				CLANG_WARN_OBJC_LITERAL_CONVERSION = YES;
				CLANG_WARN_OBJC_ROOT_CLASS = YES_ERROR;
				CLANG_WARN_RANGE_LOOP_ANALYSIS = YES;
				CLANG_WARN_STRICT_PROTOTYPES = YES;
				CLANG_WARN_SUSPICIOUS_MOVE = YES;
				CLANG_WARN_UNGUARDED_AVAILABILITY = YES_AGGRESSIVE;
				CLANG_WARN_UNREACHABLE_CODE = YES;
				CLANG_WARN__DUPLICATE_METHOD_MATCH = YES;
				CODE_SIGN_IDENTITY = "iPhone Developer";
				COPY_PHASE_STRIP = NO;
				DEBUG_INFORMATION_FORMAT = dwarf;
				ENABLE_STRICT_OBJC_MSGSEND = YES;
				ENABLE_TESTABILITY = YES;
				GCC_C_LANGUAGE_STANDARD = gnu11;
				GCC_DYNAMIC_NO_PIC = NO;
				GCC_NO_COMMON_BLOCKS = YES;
				GCC_OPTIMIZATION_LEVEL = 0;
				GCC_PREPROCESSOR_DEFINITIONS = (
					"DEBUG=1",
					"$(inherited)",
				);
				GCC_WARN_64_TO_32_BIT_CONVERSION = YES;
				GCC_WARN_ABOUT_RETURN_TYPE = YES_ERROR;
				GCC_WARN_UNDECLARED_SELECTOR = YES;
				GCC_WARN_UNINITIALIZED_AUTOS = YES_AGGRESSIVE;
				GCC_WARN_UNUSED_FUNCTION = YES;
				GCC_WARN_UNUSED_VARIABLE = YES;
				IPHONEOS_DEPLOYMENT_TARGET = 11.3;
				MTL_ENABLE_DEBUG_INFO = YES;
				ONLY_ACTIVE_ARCH = YES;
				SDKROOT = iphoneos;
				SWIFT_ACTIVE_COMPILATION_CONDITIONS = DEBUG;
				SWIFT_OPTIMIZATION_LEVEL = "-Onone";
			};
			name = Debug;
		};
		FE6AFE2620F5A715003ECCFC /* Release */ = {
			isa = XCBuildConfiguration;
			buildSettings = {
				ALWAYS_SEARCH_USER_PATHS = NO;
				CLANG_ANALYZER_NONNULL = YES;
				CLANG_ANALYZER_NUMBER_OBJECT_CONVERSION = YES_AGGRESSIVE;
				CLANG_CXX_LANGUAGE_STANDARD = "gnu++14";
				CLANG_CXX_LIBRARY = "libc++";
				CLANG_ENABLE_MODULES = YES;
				CLANG_ENABLE_OBJC_ARC = YES;
				CLANG_ENABLE_OBJC_WEAK = YES;
				CLANG_WARN_BLOCK_CAPTURE_AUTORELEASING = YES;
				CLANG_WARN_BOOL_CONVERSION = YES;
				CLANG_WARN_COMMA = YES;
				CLANG_WARN_CONSTANT_CONVERSION = YES;
				CLANG_WARN_DEPRECATED_OBJC_IMPLEMENTATIONS = YES;
				CLANG_WARN_DIRECT_OBJC_ISA_USAGE = YES_ERROR;
				CLANG_WARN_DOCUMENTATION_COMMENTS = YES;
				CLANG_WARN_EMPTY_BODY = YES;
				CLANG_WARN_ENUM_CONVERSION = YES;
				CLANG_WARN_INFINITE_RECURSION = YES;
				CLANG_WARN_INT_CONVERSION = YES;
				CLANG_WARN_NON_LITERAL_NULL_CONVERSION = YES;
				CLANG_WARN_OBJC_IMPLICIT_RETAIN_SELF = YES;
				CLANG_WARN_OBJC_LITERAL_CONVERSION = YES;
				CLANG_WARN_OBJC_ROOT_CLASS = YES_ERROR;
				CLANG_WARN_RANGE_LOOP_ANALYSIS = YES;
				CLANG_WARN_STRICT_PROTOTYPES = YES;
				CLANG_WARN_SUSPICIOUS_MOVE = YES;
				CLANG_WARN_UNGUARDED_AVAILABILITY = YES_AGGRESSIVE;
				CLANG_WARN_UNREACHABLE_CODE = YES;
				CLANG_WARN__DUPLICATE_METHOD_MATCH = YES;
				CODE_SIGN_IDENTITY = "iPhone Developer";
				COPY_PHASE_STRIP = NO;
				DEBUG_INFORMATION_FORMAT = "dwarf-with-dsym";
				ENABLE_NS_ASSERTIONS = NO;
				ENABLE_STRICT_OBJC_MSGSEND = YES;
				GCC_C_LANGUAGE_STANDARD = gnu11;
				GCC_NO_COMMON_BLOCKS = YES;
				GCC_WARN_64_TO_32_BIT_CONVERSION = YES;
				GCC_WARN_ABOUT_RETURN_TYPE = YES_ERROR;
				GCC_WARN_UNDECLARED_SELECTOR = YES;
				GCC_WARN_UNINITIALIZED_AUTOS = YES_AGGRESSIVE;
				GCC_WARN_UNUSED_FUNCTION = YES;
				GCC_WARN_UNUSED_VARIABLE = YES;
				IPHONEOS_DEPLOYMENT_TARGET = 11.3;
				MTL_ENABLE_DEBUG_INFO = NO;
				SDKROOT = iphoneos;
				SWIFT_COMPILATION_MODE = wholemodule;
				SWIFT_OPTIMIZATION_LEVEL = "-O";
				VALIDATE_PRODUCT = YES;
			};
			name = Release;
		};
		FE6AFE2820F5A715003ECCFC /* Debug */ = {
			isa = XCBuildConfiguration;
			buildSettings = {
				ASSETCATALOG_COMPILER_APPICON_NAME = AppIcon;
				CODE_SIGN_STYLE = Automatic;
				DEVELOPMENT_TEAM = F4U9S4926J;
				INFOPLIST_FILE = FacebookPopupAnimation/Info.plist;
				LD_RUNPATH_SEARCH_PATHS = (
					"$(inherited)",
					"@executable_path/Frameworks",
				);
				PRODUCT_BUNDLE_IDENTIFIER = com.tandemasia.FacebookPopupAnimation;
				PRODUCT_NAME = "$(TARGET_NAME)";
				SWIFT_VERSION = 4.0;
				TARGETED_DEVICE_FAMILY = "1,2";
			};
			name = Debug;
		};
		FE6AFE2920F5A715003ECCFC /* Release */ = {
			isa = XCBuildConfiguration;
			buildSettings = {
				ASSETCATALOG_COMPILER_APPICON_NAME = AppIcon;
				CODE_SIGN_STYLE = Automatic;
				DEVELOPMENT_TEAM = F4U9S4926J;
				INFOPLIST_FILE = FacebookPopupAnimation/Info.plist;
				LD_RUNPATH_SEARCH_PATHS = (
					"$(inherited)",
					"@executable_path/Frameworks",
				);
				PRODUCT_BUNDLE_IDENTIFIER = com.tandemasia.FacebookPopupAnimation;
				PRODUCT_NAME = "$(TARGET_NAME)";
				SWIFT_VERSION = 4.0;
				TARGETED_DEVICE_FAMILY = "1,2";
			};
			name = Release;
		};
/* End XCBuildConfiguration section */

/* Begin XCConfigurationList section */
		FE6AFE1020F5A713003ECCFC /* Build configuration list for PBXProject "FacebookPopupAnimation" */ = {
			isa = XCConfigurationList;
			buildConfigurations = (
				FE6AFE2520F5A715003ECCFC /* Debug */,
				FE6AFE2620F5A715003ECCFC /* Release */,
			);
			defaultConfigurationIsVisible = 0;
			defaultConfigurationName = Release;
		};
		FE6AFE2720F5A715003ECCFC /* Build configuration list for PBXNativeTarget "FacebookPopupAnimation" */ = {
			isa = XCConfigurationList;
			buildConfigurations = (
				FE6AFE2820F5A715003ECCFC /* Debug */,
				FE6AFE2920F5A715003ECCFC /* Release */,
			);
			defaultConfigurationIsVisible = 0;
			defaultConfigurationName = Release;
		};
/* End XCConfigurationList section */
	};
	rootObject = FE6AFE0D20F5A713003ECCFC /* Project object */;
}
